{
  "version": "3",
  "packages": {
    "specifiers": {
      "jsr:@cliffy/command@1.0.0-rc.4": "jsr:@cliffy/command@1.0.0-rc.4",
      "jsr:@cliffy/flags@1.0.0-rc.4": "jsr:@cliffy/flags@1.0.0-rc.4",
      "jsr:@cliffy/table@1.0.0-rc.4": "jsr:@cliffy/table@1.0.0-rc.4",
      "jsr:@hono/hono@^4.0.0": "jsr:@hono/hono@4.4.7",
      "jsr:@luca/esbuild-deno-loader@^0.10.3": "jsr:@luca/esbuild-deno-loader@0.10.3",
      "jsr:@oak/commons@0.10": "jsr:@oak/commons@0.10.1",
      "jsr:@oak/oak@16.0.0": "jsr:@oak/oak@16.0.0",
      "jsr:@std/assert": "jsr:@std/assert@0.225.3",
      "jsr:@std/assert@0.222": "jsr:@std/assert@0.222.1",
      "jsr:@std/assert@0.223": "jsr:@std/assert@0.223.0",
      "jsr:@std/assert@^0.196.0": "jsr:@std/assert@0.196.0",
      "jsr:@std/assert@^0.213.1": "jsr:@std/assert@0.213.1",
      "jsr:@std/assert@^0.221.0": "jsr:@std/assert@0.221.0",
      "jsr:@std/assert@^0.222.1": "jsr:@std/assert@0.222.1",
      "jsr:@std/assert@^0.223.0": "jsr:@std/assert@0.223.0",
      "jsr:@std/assert@^0.225.0": "jsr:@std/assert@0.225.3",
      "jsr:@std/assert@^0.225.2": "jsr:@std/assert@0.225.3",
      "jsr:@std/async@0.196.0": "jsr:@std/async@0.196.0",
      "jsr:@std/bytes@0.222": "jsr:@std/bytes@0.222.1",
      "jsr:@std/bytes@0.223": "jsr:@std/bytes@0.223.0",
      "jsr:@std/bytes@^0.223.0": "jsr:@std/bytes@0.223.0",
      "jsr:@std/console@0.221": "jsr:@std/console@0.221.0",
      "jsr:@std/crypto@0.222": "jsr:@std/crypto@0.222.1",
      "jsr:@std/crypto@0.223": "jsr:@std/crypto@0.223.0",
      "jsr:@std/encoding@0.213": "jsr:@std/encoding@0.213.1",
      "jsr:@std/encoding@0.224.0": "jsr:@std/encoding@0.224.0",
      "jsr:@std/encoding@^0.222.1": "jsr:@std/encoding@0.222.1",
      "jsr:@std/encoding@^0.223.0": "jsr:@std/encoding@0.223.0",
      "jsr:@std/fmt@0.221": "jsr:@std/fmt@0.221.0",
      "jsr:@std/fs@0.229.0": "jsr:@std/fs@0.229.0",
      "jsr:@std/http@0.222": "jsr:@std/http@0.222.1",
      "jsr:@std/http@0.223": "jsr:@std/http@0.223.0",
      "jsr:@std/internal@^1.0.0": "jsr:@std/internal@1.0.0",
      "jsr:@std/io@0.223": "jsr:@std/io@0.223.0",
      "jsr:@std/json@^0.213.1": "jsr:@std/json@0.213.1",
      "jsr:@std/jsonc@0.213": "jsr:@std/jsonc@0.213.1",
      "jsr:@std/media-types@0.222": "jsr:@std/media-types@0.222.1",
      "jsr:@std/media-types@0.223": "jsr:@std/media-types@0.223.0",
      "jsr:@std/media-types@0.224.0": "jsr:@std/media-types@0.224.0",
      "jsr:@std/path": "jsr:@std/path@0.225.1",
      "jsr:@std/path@0.213": "jsr:@std/path@0.213.1",
      "jsr:@std/path@0.223": "jsr:@std/path@0.223.0",
      "jsr:@std/path@0.225.0": "jsr:@std/path@0.225.0",
      "jsr:@std/path@^0.225.0": "jsr:@std/path@0.225.1",
      "jsr:@std/text@0.221": "jsr:@std/text@0.221.0",
      "npm:esbuild@0.21.1": "npm:esbuild@0.21.1",
      "npm:path-to-regexp@6.2.1": "npm:path-to-regexp@6.2.1"
    },
    "jsr": {
      "@cliffy/command@1.0.0-rc.4": {
        "integrity": "709884ffe0f53ce3edafa92b58223634397878fbf6dcabe0c74ea0108273b9f7",
        "dependencies": [
          "jsr:@cliffy/flags@1.0.0-rc.4",
          "jsr:@cliffy/table@1.0.0-rc.4",
          "jsr:@std/fmt@0.221",
          "jsr:@std/text@0.221"
        ]
      },
      "@cliffy/flags@1.0.0-rc.4": {
        "integrity": "29f370ade4ddf6e150a4d25fc44661234c19870ffcf7fb07cd100f1843fcd6e1"
      },
      "@cliffy/table@1.0.0-rc.4": {
        "integrity": "990e4e0b3910e6c9cf7a5b4318b8f5e121cf681494c94fd113febb9b4d4c0741",
        "dependencies": [
          "jsr:@std/console@0.221"
        ]
      },
      "@hono/hono@4.4.7": {
        "integrity": "069f612a089362e59786ea925d19fa834096fe92bf4f4b8dd572c508a3a708aa"
      },
      "@luca/esbuild-deno-loader@0.10.3": {
        "integrity": "32fc93f7e7f78060234fd5929a740668aab1c742b808c6048b57f9aaea514921",
        "dependencies": [
          "jsr:@std/encoding@0.213",
          "jsr:@std/jsonc@0.213",
          "jsr:@std/path@0.213"
        ]
      },
      "@oak/commons@0.10.1": {
        "integrity": "4775ebf70782b0c5d95958d85b2425b3fbdff06f57654aa4143dbcb23b923cf4",
        "dependencies": [
          "jsr:@std/assert@0.222",
          "jsr:@std/bytes@0.222",
          "jsr:@std/crypto@0.222",
          "jsr:@std/http@0.222",
          "jsr:@std/media-types@0.222"
        ]
      },
      "@oak/oak@16.0.0": {
        "integrity": "a98756fb4bf69f728c9a5179ff4157620946c5969bcaa3d6bd64cca8b198f74e",
        "dependencies": [
          "jsr:@oak/commons@0.10",
          "jsr:@std/assert@0.223",
          "jsr:@std/bytes@0.223",
          "jsr:@std/crypto@0.223",
          "jsr:@std/http@0.223",
          "jsr:@std/io@0.223",
          "jsr:@std/media-types@0.223",
          "jsr:@std/path@0.223",
          "npm:path-to-regexp@6.2.1"
        ]
      },
      "@std/assert@0.196.0": {
        "integrity": "ede8c09c2bb176dc9356c04d2548412e492a58dcf73aad0965695a4d8336f66b"
      },
      "@std/assert@0.213.1": {
        "integrity": "24c28178b30c8e0782c18e8e94ea72b16282207569cdd10ffb9d1d26f2edebfe"
      },
      "@std/assert@0.221.0": {
        "integrity": "a5f1aa6e7909dbea271754fd4ab3f4e687aeff4873b4cef9a320af813adb489a"
      },
      "@std/assert@0.222.1": {
        "integrity": "691637161ee584a9919d1f9950ddd1272feb8e0a19e83aa5b7563cedaf73d74c"
      },
      "@std/assert@0.223.0": {
        "integrity": "eb8d6d879d76e1cc431205bd346ed4d88dc051c6366365b1af47034b0670be24"
      },
      "@std/assert@0.225.3": {
        "integrity": "b3c2847aecf6955b50644cdb9cf072004ea3d1998dd7579fc0acb99dbb23bd4f",
        "dependencies": [
          "jsr:@std/internal@^1.0.0"
        ]
      },
      "@std/async@0.196.0": {
        "integrity": "bd572776dfdf94bcbe00ceea1263e06f0c0060ff258f8a5cf644c5b43992755a",
        "dependencies": [
          "jsr:@std/assert@^0.196.0"
        ]
      },
      "@std/bytes@0.222.1": {
        "integrity": "04dbf33e889ed5f9f6a87bc6b6b882dc105fffae6d2b042f832d92d4f34771c0"
      },
      "@std/bytes@0.223.0": {
        "integrity": "84b75052cd8680942c397c2631318772b295019098f40aac5c36cead4cba51a8"
      },
      "@std/console@0.221.0": {
        "integrity": "8f2afc1f3f14f5d6039c0c767f057e4aa1897d2210e167c4667cb155cafb9d11"
      },
      "@std/crypto@0.222.1": {
        "integrity": "d5b9e6c704fadbcc384cd42c0b603ad4aea710ece0ff26426602681b64fd237c",
        "dependencies": [
          "jsr:@std/assert@^0.222.1"
        ]
      },
      "@std/crypto@0.223.0": {
        "integrity": "1aa9555ff56b09e197ad988ea200f84bc6781fd4fd83f3a156ee44449af93000",
        "dependencies": [
          "jsr:@std/assert@^0.223.0",
          "jsr:@std/encoding@^0.223.0"
        ]
      },
      "@std/encoding@0.213.1": {
        "integrity": "fcbb6928713dde941a18ca5db88ca1544d0755ec8fb20fe61e2dc8144b390c62"
      },
      "@std/encoding@0.222.1": {
        "integrity": "fb6c1d38722feebc8d4a5efa3eb2039ecec0d50d053186240484d0c4a4ce1006"
      },
      "@std/encoding@0.223.0": {
        "integrity": "2b5615a75e00337ce113f34cf2f9b8c18182c751a8dcc8b1a2c2fc0e117bef00"
      },
      "@std/encoding@0.224.0": {
        "integrity": "efb6dca97d3e9c31392bd5c8cfd9f9fc9decf5a1f4d1f78af7900a493bcf89b5"
      },
      "@std/fmt@0.221.0": {
        "integrity": "379fed69bdd9731110f26b9085aeb740606b20428ce6af31ef6bd45ef8efa62a"
      },
      "@std/fs@0.229.0": {
        "integrity": "c353340334dd25b879c4e6e72371b2664da2bd41b633b5837c7249c04d90903d",
        "dependencies": [
          "jsr:@std/assert@^0.225.0",
          "jsr:@std/path@^0.225.0"
        ]
      },
      "@std/http@0.222.1": {
        "integrity": "a3c731ec6040927aa37d8378b9e6b467e2e3068c1f97838a6e79ee3bdc103521",
        "dependencies": [
          "jsr:@std/encoding@^0.222.1"
        ]
      },
      "@std/http@0.223.0": {
        "integrity": "15ab8a0c5a7e9d5be017a15b01600f20f66602ceec48b378939fa24fcec522aa",
        "dependencies": [
          "jsr:@std/assert@^0.223.0",
          "jsr:@std/encoding@^0.223.0"
        ]
      },
      "@std/internal@1.0.0": {
        "integrity": "ac6a6dfebf838582c4b4f61a6907374e27e05bedb6ce276e0f1608fe84e7cd9a"
      },
      "@std/io@0.223.0": {
        "integrity": "2d8c3c2ab3a515619b90da2c6ff5ea7b75a94383259ef4d02116b228393f84f1",
        "dependencies": [
          "jsr:@std/bytes@^0.223.0"
        ]
      },
      "@std/json@0.213.1": {
        "integrity": "f572b1de605d07c4a5602445dac54bfc51b1fb87a3710a17aed2608bfca54e68"
      },
      "@std/jsonc@0.213.1": {
        "integrity": "5578f21aa583b7eb7317eed077ffcde47b294f1056bdbb9aacec407758637bfe",
        "dependencies": [
          "jsr:@std/assert@^0.213.1",
          "jsr:@std/json@^0.213.1"
        ]
      },
      "@std/media-types@0.222.1": {
        "integrity": "147cbd7f29fb4480625ccdad679637f945437f455534049eb7c95977b973a137"
      },
      "@std/media-types@0.223.0": {
        "integrity": "84684680c2eb6bc6d9369c6d6f26a49decaf2c7603ff531862dda575d9d6776e"
      },
      "@std/media-types@0.224.0": {
        "integrity": "5ac87989393f8cb1c81bee02aef6f5d4c8289b416deabc04f9ad25dff292d0b0"
      },
      "@std/path@0.213.1": {
        "integrity": "f187bf278a172752e02fcbacf6bd78a335ed320d080a7ed3a5a59c3e88abc673",
        "dependencies": [
          "jsr:@std/assert@^0.213.1"
        ]
      },
      "@std/path@0.223.0": {
        "integrity": "593963402d7e6597f5a6e620931661053572c982fc014000459edc1f93cc3989",
        "dependencies": [
          "jsr:@std/assert@^0.223.0"
        ]
      },
      "@std/path@0.225.0": {
        "integrity": "044ed8d9ca76fa997ff1d30d48fc7756b4389bf6ce1ff9710633a2d174343bb3",
        "dependencies": [
          "jsr:@std/assert@^0.225.0"
        ]
      },
      "@std/path@0.225.1": {
        "integrity": "8c3220635a73730eb51fe43de9e10b79e2724a5bb8638b9355d35ae012fd9429",
        "dependencies": [
          "jsr:@std/assert@^0.225.2"
        ]
      },
      "@std/text@0.221.0": {
        "integrity": "a2f89ceb0d8851cd33e6774064621a1da9fbc36578cf4f02c5b5bcd7e8c84b67",
        "dependencies": [
          "jsr:@std/assert@^0.221.0"
        ]
      }
    },
    "npm": {
      "@esbuild/aix-ppc64@0.21.1": {
        "integrity": "sha512-O7yppwipkXvnEPjzkSXJRk2g4bS8sUx9p9oXHq9MU/U7lxUzZVsnFZMDTmeeX9bfQxrFcvOacl/ENgOh0WP9pA==",
        "dependencies": {}
      },
      "@esbuild/android-arm64@0.21.1": {
        "integrity": "sha512-jXhccq6es+onw7x8MxoFnm820mz7sGa9J14kLADclmiEUH4fyj+FjR6t0M93RgtlI/awHWhtF0Wgfhqgf9gDZA==",
        "dependencies": {}
      },
      "@esbuild/android-arm@0.21.1": {
        "integrity": "sha512-hh3jKWikdnTtHCglDAeVO3Oyh8MaH8xZUaWMiCCvJ9/c3NtPqZq+CACOlGTxhddypXhl+8B45SeceYBfB/e8Ow==",
        "dependencies": {}
      },
      "@esbuild/android-x64@0.21.1": {
        "integrity": "sha512-NPObtlBh4jQHE01gJeucqEhdoD/4ya2owSIS8lZYS58aR0x7oZo9lB2lVFxgTANSa5MGCBeoQtr+yA9oKCGPvA==",
        "dependencies": {}
      },
      "@esbuild/darwin-arm64@0.21.1": {
        "integrity": "sha512-BLT7TDzqsVlQRmJfO/FirzKlzmDpBWwmCUlyggfzUwg1cAxVxeA4O6b1XkMInlxISdfPAOunV9zXjvh5x99Heg==",
        "dependencies": {}
      },
      "@esbuild/darwin-x64@0.21.1": {
        "integrity": "sha512-D3h3wBQmeS/vp93O4B+SWsXB8HvRDwMyhTNhBd8yMbh5wN/2pPWRW5o/hM3EKgk9bdKd9594lMGoTCTiglQGRQ==",
        "dependencies": {}
      },
      "@esbuild/freebsd-arm64@0.21.1": {
        "integrity": "sha512-/uVdqqpNKXIxT6TyS/oSK4XE4xWOqp6fh4B5tgAwozkyWdylcX+W4YF2v6SKsL4wCQ5h1bnaSNjWPXG/2hp8AQ==",
        "dependencies": {}
      },
      "@esbuild/freebsd-x64@0.21.1": {
        "integrity": "sha512-paAkKN1n1jJitw+dAoR27TdCzxRl1FOEITx3h201R6NoXUojpMzgMLdkXVgCvaCSCqwYkeGLoe9UVNRDKSvQgw==",
        "dependencies": {}
      },
      "@esbuild/linux-arm64@0.21.1": {
        "integrity": "sha512-G65d08YoH00TL7Xg4LaL3gLV21bpoAhQ+r31NUu013YB7KK0fyXIt05VbsJtpqh/6wWxoLJZOvQHYnodRrnbUQ==",
        "dependencies": {}
      },
      "@esbuild/linux-arm@0.21.1": {
        "integrity": "sha512-tRHnxWJnvNnDpNVnsyDhr1DIQZUfCXlHSCDohbXFqmg9W4kKR7g8LmA3kzcwbuxbRMKeit8ladnCabU5f2traA==",
        "dependencies": {}
      },
      "@esbuild/linux-ia32@0.21.1": {
        "integrity": "sha512-tt/54LqNNAqCz++QhxoqB9+XqdsaZOtFD/srEhHYwBd3ZUOepmR1Eeot8bS+Q7BiEvy9vvKbtpHf+r6q8hF5UA==",
        "dependencies": {}
      },
      "@esbuild/linux-loong64@0.21.1": {
        "integrity": "sha512-MhNalK6r0nZD0q8VzUBPwheHzXPr9wronqmZrewLfP7ui9Fv1tdPmg6e7A8lmg0ziQCziSDHxh3cyRt4YMhGnQ==",
        "dependencies": {}
      },
      "@esbuild/linux-mips64el@0.21.1": {
        "integrity": "sha512-YCKVY7Zen5rwZV+nZczOhFmHaeIxR4Zn3jcmNH53LbgF6IKRwmrMywqDrg4SiSNApEefkAbPSIzN39FC8VsxPg==",
        "dependencies": {}
      },
      "@esbuild/linux-ppc64@0.21.1": {
        "integrity": "sha512-bw7bcQ+270IOzDV4mcsKAnDtAFqKO0jVv3IgRSd8iM0ac3L8amvCrujRVt1ajBTJcpDaFhIX+lCNRKteoDSLig==",
        "dependencies": {}
      },
      "@esbuild/linux-riscv64@0.21.1": {
        "integrity": "sha512-ARmDRNkcOGOm1AqUBSwRVDfDeD9hGYRfkudP2QdoonBz1ucWVnfBPfy7H4JPI14eYtZruRSczJxyu7SRYDVOcg==",
        "dependencies": {}
      },
      "@esbuild/linux-s390x@0.21.1": {
        "integrity": "sha512-o73TcUNMuoTZlhwFdsgr8SfQtmMV58sbgq6gQq9G1xUiYnHMTmJbwq65RzMx89l0iya69lR4bxBgtWiiOyDQZA==",
        "dependencies": {}
      },
      "@esbuild/linux-x64@0.21.1": {
        "integrity": "sha512-da4/1mBJwwgJkbj4fMH7SOXq2zapgTo0LKXX1VUZ0Dxr+e8N0WbS80nSZ5+zf3lvpf8qxrkZdqkOqFfm57gXwA==",
        "dependencies": {}
      },
      "@esbuild/netbsd-x64@0.21.1": {
        "integrity": "sha512-CPWs0HTFe5woTJN5eKPvgraUoRHrCtzlYIAv9wBC+FAyagBSaf+UdZrjwYyTGnwPGkThV4OCI7XibZOnPvONVw==",
        "dependencies": {}
      },
      "@esbuild/openbsd-x64@0.21.1": {
        "integrity": "sha512-xxhTm5QtzNLc24R0hEkcH+zCx/o49AsdFZ0Cy5zSd/5tOj4X2g3/2AJB625NoadUuc4A8B3TenLJoYdWYOYCew==",
        "dependencies": {}
      },
      "@esbuild/sunos-x64@0.21.1": {
        "integrity": "sha512-CWibXszpWys1pYmbr9UiKAkX6x+Sxw8HWtw1dRESK1dLW5fFJ6rMDVw0o8MbadusvVQx1a8xuOxnHXT941Hp1A==",
        "dependencies": {}
      },
      "@esbuild/win32-arm64@0.21.1": {
        "integrity": "sha512-jb5B4k+xkytGbGUS4T+Z89cQJ9DJ4lozGRSV+hhfmCPpfJ3880O31Q1srPCimm+V6UCbnigqD10EgDNgjvjerQ==",
        "dependencies": {}
      },
      "@esbuild/win32-ia32@0.21.1": {
        "integrity": "sha512-PgyFvjJhXqHn1uxPhyN1wZ6dIomKjiLUQh1LjFvjiV1JmnkZ/oMPrfeEAZg5R/1ftz4LZWZr02kefNIQ5SKREQ==",
        "dependencies": {}
      },
      "@esbuild/win32-x64@0.21.1": {
        "integrity": "sha512-W9NttRZQR5ehAiqHGDnvfDaGmQOm6Fi4vSlce8mjM75x//XKuVAByohlEX6N17yZnVXxQFuh4fDRunP8ca6bfA==",
        "dependencies": {}
      },
      "esbuild@0.21.1": {
        "integrity": "sha512-GPqx+FX7mdqulCeQ4TsGZQ3djBJkx5k7zBGtqt9ycVlWNg8llJ4RO9n2vciu8BN2zAEs6lPbPl0asZsAh7oWzg==",
        "dependencies": {
          "@esbuild/aix-ppc64": "@esbuild/aix-ppc64@0.21.1",
          "@esbuild/android-arm": "@esbuild/android-arm@0.21.1",
          "@esbuild/android-arm64": "@esbuild/android-arm64@0.21.1",
          "@esbuild/android-x64": "@esbuild/android-x64@0.21.1",
          "@esbuild/darwin-arm64": "@esbuild/darwin-arm64@0.21.1",
          "@esbuild/darwin-x64": "@esbuild/darwin-x64@0.21.1",
          "@esbuild/freebsd-arm64": "@esbuild/freebsd-arm64@0.21.1",
          "@esbuild/freebsd-x64": "@esbuild/freebsd-x64@0.21.1",
          "@esbuild/linux-arm": "@esbuild/linux-arm@0.21.1",
          "@esbuild/linux-arm64": "@esbuild/linux-arm64@0.21.1",
          "@esbuild/linux-ia32": "@esbuild/linux-ia32@0.21.1",
          "@esbuild/linux-loong64": "@esbuild/linux-loong64@0.21.1",
          "@esbuild/linux-mips64el": "@esbuild/linux-mips64el@0.21.1",
          "@esbuild/linux-ppc64": "@esbuild/linux-ppc64@0.21.1",
          "@esbuild/linux-riscv64": "@esbuild/linux-riscv64@0.21.1",
          "@esbuild/linux-s390x": "@esbuild/linux-s390x@0.21.1",
          "@esbuild/linux-x64": "@esbuild/linux-x64@0.21.1",
          "@esbuild/netbsd-x64": "@esbuild/netbsd-x64@0.21.1",
          "@esbuild/openbsd-x64": "@esbuild/openbsd-x64@0.21.1",
          "@esbuild/sunos-x64": "@esbuild/sunos-x64@0.21.1",
          "@esbuild/win32-arm64": "@esbuild/win32-arm64@0.21.1",
          "@esbuild/win32-ia32": "@esbuild/win32-ia32@0.21.1",
          "@esbuild/win32-x64": "@esbuild/win32-x64@0.21.1"
        }
      },
      "path-to-regexp@6.2.1": {
        "integrity": "sha512-JLyh7xT1kizaEvcaXOQwOc2/Yhw6KZOvPf1S8401UyLk86CU79LN3vl7ztXGm/pZ+YjoyAJ4rxmHwbkBXJX+yw==",
        "dependencies": {}
      }
    }
  },
  "remote": {}
}
